// !$*UTF8*$!
{
	archiveVersion = 1;
	classes = {
	};
	objectVersion = 48;
	objects = {

/* Begin PBXBuildFile section */
		859450C7201D1FF400DBC726 /* AppDelegate.swift in Sources */ = {isa = PBXBuildFile; fileRef = 859450C6201D1FF400DBC726 /* AppDelegate.swift */; };
		859450C9201D1FF400DBC726 /* ViewController.swift in Sources */ = {isa = PBXBuildFile; fileRef = 859450C8201D1FF400DBC726 /* ViewController.swift */; };
		859450CC201D1FF400DBC726 /* Main.storyboard in Resources */ = {isa = PBXBuildFile; fileRef = 859450CA201D1FF400DBC726 /* Main.storyboard */; };
		859450CF201D1FF400DBC726 /* Eten.xcdatamodeld in Sources */ = {isa = PBXBuildFile; fileRef = 859450CD201D1FF400DBC726 /* Eten.xcdatamodeld */; };
		859450D1201D1FF400DBC726 /* Assets.xcassets in Resources */ = {isa = PBXBuildFile; fileRef = 859450D0201D1FF400DBC726 /* Assets.xcassets */; };
		859450D4201D1FF400DBC726 /* LaunchScreen.storyboard in Resources */ = {isa = PBXBuildFile; fileRef = 859450D2201D1FF400DBC726 /* LaunchScreen.storyboard */; };
		85B72DDC201E44FD001E913B /* green_wallet.png in Resources */ = {isa = PBXBuildFile; fileRef = 85B72DDB201E44FC001E913B /* green_wallet.png */; };
		85B72DDE201E450F001E913B /* green_profile.png in Resources */ = {isa = PBXBuildFile; fileRef = 85B72DDD201E450F001E913B /* green_profile.png */; };
		85B72DE0201E451E001E913B /* green_map.png in Resources */ = {isa = PBXBuildFile; fileRef = 85B72DDF201E451E001E913B /* green_map.png */; };
		85B72DED201E54E9001E913B /* work_sizzle_pie.jpg in Resources */ = {isa = PBXBuildFile; fileRef = 85B72DE3201E54E8001E913B /* work_sizzle_pie.jpg */; };
		85B72DEE201E54E9001E913B /* cafe_yum.png in Resources */ = {isa = PBXBuildFile; fileRef = 85B72DE4201E54E8001E913B /* cafe_yum.png */; };
		85B72DEF201E54E9001E913B /* bar.jpg in Resources */ = {isa = PBXBuildFile; fileRef = 85B72DE5201E54E8001E913B /* bar.jpg */; };
		85B72DF0201E54E9001E913B /* mezza.png in Resources */ = {isa = PBXBuildFile; fileRef = 85B72DE6201E54E8001E913B /* mezza.png */; };
		85B72DF1201E54E9001E913B /* pho.jpg in Resources */ = {isa = PBXBuildFile; fileRef = 85B72DE7201E54E8001E913B /* pho.jpg */; };
		85B72DF2201E54E9001E913B /* tracktownpizza.jpg in Resources */ = {isa = PBXBuildFile; fileRef = 85B72DE8201E54E9001E913B /* tracktownpizza.jpg */; };
		85B72DF3201E54E9001E913B /* poppis.jpg in Resources */ = {isa = PBXBuildFile; fileRef = 85B72DE9201E54E9001E913B /* poppis.jpg */; };
		85B72DF4201E54E9001E913B /* cafe.jpg in Resources */ = {isa = PBXBuildFile; fileRef = 85B72DEA201E54E9001E913B /* cafe.jpg */; };
		85B72DF5201E54E9001E913B /* sushi.png in Resources */ = {isa = PBXBuildFile; fileRef = 85B72DEB201E54E9001E913B /* sushi.png */; };
		85B72DF6201E54E9001E913B /* chipotle.png in Resources */ = {isa = PBXBuildFile; fileRef = 85B72DEC201E54E9001E913B /* chipotle.png */; };
		85B72E0E201E5DEC001E913B /* eten_final.png in Resources */ = {isa = PBXBuildFile; fileRef = 85B72E0D201E5DEB001E913B /* eten_final.png */; };
		85B72E10201E5EC7001E913B /* back.mov in Resources */ = {isa = PBXBuildFile; fileRef = 85B72E0F201E5EC7001E913B /* back.mov */; };
		85B72E12201E60A7001E913B /* back1.mov in Resources */ = {isa = PBXBuildFile; fileRef = 85B72E11201E60A7001E913B /* back1.mov */; };
		85B72E17201E61F6001E913B /* grey_camera.png in Resources */ = {isa = PBXBuildFile; fileRef = 85B72E13201E61F6001E913B /* grey_camera.png */; };
		85B72E18201E61F6001E913B /* grey_wallet.png in Resources */ = {isa = PBXBuildFile; fileRef = 85B72E14201E61F6001E913B /* grey_wallet.png */; };
		85B72E19201E61F6001E913B /* grey_world.png in Resources */ = {isa = PBXBuildFile; fileRef = 85B72E15201E61F6001E913B /* grey_world.png */; };
		85B72E1A201E61F6001E913B /* grey_profile.png in Resources */ = {isa = PBXBuildFile; fileRef = 85B72E16201E61F6001E913B /* grey_profile.png */; };
		85B72E1C201E6539001E913B /* list_green@3x.png in Resources */ = {isa = PBXBuildFile; fileRef = 85B72E1B201E6539001E913B /* list_green@3x.png */; };
		85B72E1E201E687B001E913B /* ProfileUIViewController.swift in Sources */ = {isa = PBXBuildFile; fileRef = 85B72E1D201E687B001E913B /* ProfileUIViewController.swift */; };
		85B72E20201E6899001E913B /* WalletViewController.swift in Sources */ = {isa = PBXBuildFile; fileRef = 85B72E1F201E6899001E913B /* WalletViewController.swift */; };
		85B72E22201E68D6001E913B /* MapViewController.swift in Sources */ = {isa = PBXBuildFile; fileRef = 85B72E21201E68D6001E913B /* MapViewController.swift */; };
		85B72E27201E7E2D001E913B /* CameraViewController.swift in Sources */ = {isa = PBXBuildFile; fileRef = 85B72E26201E7E2D001E913B /* CameraViewController.swift */; };
		85B72E2B201E9404001E913B /* listg.png in Resources */ = {isa = PBXBuildFile; fileRef = 85B72E2A201E9404001E913B /* listg.png */; };
		85B72E2D201E942D001E913B /* camg.png in Resources */ = {isa = PBXBuildFile; fileRef = 85B72E2C201E942D001E913B /* camg.png */; };
		85B72E2F201E94CC001E913B /* listgrey.png in Resources */ = {isa = PBXBuildFile; fileRef = 85B72E2E201E94CC001E913B /* listgrey.png */; };
		85B72E33201E9ED1001E913B /* mapBack.png in Resources */ = {isa = PBXBuildFile; fileRef = 85B72E32201E9ED0001E913B /* mapBack.png */; };
		85D63113201D2DC20063AC38 /* GoogleService-Info.plist in Resources */ = {isa = PBXBuildFile; fileRef = 85D63112201D2DC20063AC38 /* GoogleService-Info.plist */; };
		85D63117201D35C20063AC38 /* LoginViewController.swift in Sources */ = {isa = PBXBuildFile; fileRef = 85D63116201D35C20063AC38 /* LoginViewController.swift */; };
		85D63119201D35CF0063AC38 /* SignUpViewController.swift in Sources */ = {isa = PBXBuildFile; fileRef = 85D63118201D35CF0063AC38 /* SignUpViewController.swift */; };
		85D6311C201D3F4D0063AC38 /* User.swift in Sources */ = {isa = PBXBuildFile; fileRef = 85D6311B201D3F4D0063AC38 /* User.swift */; };
		85D6311E201D3F6F0063AC38 /* Business.swift in Sources */ = {isa = PBXBuildFile; fileRef = 85D6311D201D3F6F0063AC38 /* Business.swift */; };
		85D63122201D8A050063AC38 /* mainFeedViewController.swift in Sources */ = {isa = PBXBuildFile; fileRef = 85D63121201D8A050063AC38 /* mainFeedViewController.swift */; };
		85D6312E201DC96A0063AC38 /* eateriesMainFeedTableViewCell.swift in Sources */ = {isa = PBXBuildFile; fileRef = 85D6312D201DC96A0063AC38 /* eateriesMainFeedTableViewCell.swift */; };
		9FB5763D0A5A2DAB2F60EF3A /* Pods_Eten.framework in Frameworks */ = {isa = PBXBuildFile; fileRef = 0056D4E5A2B3650E794C03D1 /* Pods_Eten.framework */; };
/* End PBXBuildFile section */

/* Begin PBXFileReference section */
		0056D4E5A2B3650E794C03D1 /* Pods_Eten.framework */ = {isa = PBXFileReference; explicitFileType = wrapper.framework; includeInIndex = 0; path = Pods_Eten.framework; sourceTree = BUILT_PRODUCTS_DIR; };
		80144619EA865337921BBD8D /* Pods-Eten.release.xcconfig */ = {isa = PBXFileReference; includeInIndex = 1; lastKnownFileType = text.xcconfig; name = "Pods-Eten.release.xcconfig"; path = "Pods/Target Support Files/Pods-Eten/Pods-Eten.release.xcconfig"; sourceTree = "<group>"; };
		859450C3201D1FF400DBC726 /* Eten.app */ = {isa = PBXFileReference; explicitFileType = wrapper.application; includeInIndex = 0; path = Eten.app; sourceTree = BUILT_PRODUCTS_DIR; };
		859450C6201D1FF400DBC726 /* AppDelegate.swift */ = {isa = PBXFileReference; lastKnownFileType = sourcecode.swift; path = AppDelegate.swift; sourceTree = "<group>"; };
		859450C8201D1FF400DBC726 /* ViewController.swift */ = {isa = PBXFileReference; lastKnownFileType = sourcecode.swift; path = ViewController.swift; sourceTree = "<group>"; };
		859450CB201D1FF400DBC726 /* Base */ = {isa = PBXFileReference; lastKnownFileType = file.storyboard; name = Base; path = Base.lproj/Main.storyboard; sourceTree = "<group>"; };
		859450CE201D1FF400DBC726 /* Eten.xcdatamodel */ = {isa = PBXFileReference; lastKnownFileType = wrapper.xcdatamodel; path = Eten.xcdatamodel; sourceTree = "<group>"; };
		859450D0201D1FF400DBC726 /* Assets.xcassets */ = {isa = PBXFileReference; lastKnownFileType = folder.assetcatalog; path = Assets.xcassets; sourceTree = "<group>"; };
		859450D3201D1FF400DBC726 /* Base */ = {isa = PBXFileReference; lastKnownFileType = file.storyboard; name = Base; path = Base.lproj/LaunchScreen.storyboard; sourceTree = "<group>"; };
		859450D5201D1FF400DBC726 /* Info.plist */ = {isa = PBXFileReference; lastKnownFileType = text.plist.xml; path = Info.plist; sourceTree = "<group>"; };
		85B72DD8201E44C7001E913B /* green_camera.png */ = {isa = PBXFileReference; lastKnownFileType = image.png; path = green_camera.png; sourceTree = "<group>"; };
		85B72DDA201E44C7001E913B /* grey_list.png */ = {isa = PBXFileReference; lastKnownFileType = image.png; path = grey_list.png; sourceTree = "<group>"; };
		85B72DDB201E44FC001E913B /* green_wallet.png */ = {isa = PBXFileReference; lastKnownFileType = image.png; name = green_wallet.png; path = "../../../../../../Downloads/wallet green/ios/AppIcon.appiconset/green_wallet.png"; sourceTree = "<group>"; };
		85B72DDD201E450F001E913B /* green_profile.png */ = {isa = PBXFileReference; lastKnownFileType = image.png; name = green_profile.png; path = "../../../../../../Downloads/profile green/ios/AppIcon.appiconset/green_profile.png"; sourceTree = "<group>"; };
		85B72DDF201E451E001E913B /* green_map.png */ = {isa = PBXFileReference; lastKnownFileType = image.png; name = green_map.png; path = "../../../../../../Downloads/map green/ios/AppIcon.appiconset/green_map.png"; sourceTree = "<group>"; };
		85B72DE3201E54E8001E913B /* work_sizzle_pie.jpg */ = {isa = PBXFileReference; lastKnownFileType = image.jpeg; name = work_sizzle_pie.jpg; path = ../../../../../work_sizzle_pie.jpg; sourceTree = "<group>"; };
		85B72DE4201E54E8001E913B /* cafe_yum.png */ = {isa = PBXFileReference; lastKnownFileType = image.png; name = cafe_yum.png; path = ../../../../../cafe_yum.png; sourceTree = "<group>"; };
		85B72DE5201E54E8001E913B /* bar.jpg */ = {isa = PBXFileReference; lastKnownFileType = image.jpeg; name = bar.jpg; path = ../../../../../bar.jpg; sourceTree = "<group>"; };
		85B72DE6201E54E8001E913B /* mezza.png */ = {isa = PBXFileReference; lastKnownFileType = image.png; name = mezza.png; path = ../../../../../mezza.png; sourceTree = "<group>"; };
		85B72DE7201E54E8001E913B /* pho.jpg */ = {isa = PBXFileReference; lastKnownFileType = image.jpeg; name = pho.jpg; path = ../../../../../pho.jpg; sourceTree = "<group>"; };
		85B72DE8201E54E9001E913B /* tracktownpizza.jpg */ = {isa = PBXFileReference; lastKnownFileType = image.jpeg; name = tracktownpizza.jpg; path = ../../../../../tracktownpizza.jpg; sourceTree = "<group>"; };
		85B72DE9201E54E9001E913B /* poppis.jpg */ = {isa = PBXFileReference; lastKnownFileType = image.jpeg; name = poppis.jpg; path = ../../../../../poppis.jpg; sourceTree = "<group>"; };
		85B72DEA201E54E9001E913B /* cafe.jpg */ = {isa = PBXFileReference; lastKnownFileType = image.jpeg; name = cafe.jpg; path = ../../../../../cafe.jpg; sourceTree = "<group>"; };
		85B72DEB201E54E9001E913B /* sushi.png */ = {isa = PBXFileReference; lastKnownFileType = image.png; name = sushi.png; path = ../../../../../sushi.png; sourceTree = "<group>"; };
		85B72DEC201E54E9001E913B /* chipotle.png */ = {isa = PBXFileReference; lastKnownFileType = image.png; name = chipotle.png; path = ../../../../../chipotle.png; sourceTree = "<group>"; };
		85B72DFB201E5BA5001E913B /* back0.mov */ = {isa = PBXFileReference; lastKnownFileType = video.quicktime; path = back0.mov; sourceTree = "<group>"; };
		85B72DFD201E5BB3001E913B /* gc1.png */ = {isa = PBXFileReference; lastKnownFileType = image.png; name = gc1.png; path = "../../../../../../Downloads/camera green/ios/AppIcon.appiconset/gc1.png"; sourceTree = "<group>"; };
		85B72E01201E5BB4001E913B /* background.mov */ = {isa = PBXFileReference; lastKnownFileType = video.quicktime; path = background.mov; sourceTree = "<group>"; };
		85B72E03201E5BB5001E913B /* green_list.png */ = {isa = PBXFileReference; lastKnownFileType = image.png; name = green_list.png; path = "../../../../../../Downloads/list green/ios/AppIcon.appiconset/green_list.png"; sourceTree = "<group>"; };
		85B72E0A201E5BD2001E913B /* green_list.png */ = {isa = PBXFileReference; lastKnownFileType = image.png; name = green_list.png; path = "../../../../../../Downloads/list green/ios/AppIcon.appiconset/green_list.png"; sourceTree = "<group>"; };
		85B72E0D201E5DEB001E913B /* eten_final.png */ = {isa = PBXFileReference; lastKnownFileType = image.png; name = eten_final.png; path = ../../../../../Downloads/eten_final.png; sourceTree = "<group>"; };
		85B72E0F201E5EC7001E913B /* back.mov */ = {isa = PBXFileReference; lastKnownFileType = video.quicktime; name = back.mov; path = ../../../../back.mov; sourceTree = "<group>"; };
		85B72E11201E60A7001E913B /* back1.mov */ = {isa = PBXFileReference; lastKnownFileType = video.quicktime; name = back1.mov; path = ../../../../back1.mov; sourceTree = "<group>"; };
		85B72E13201E61F6001E913B /* grey_camera.png */ = {isa = PBXFileReference; lastKnownFileType = image.png; name = grey_camera.png; path = "../../../../../../Downloads/camera icon grey (1)/ios/AppIcon.appiconset/grey_camera.png"; sourceTree = "<group>"; };
		85B72E14201E61F6001E913B /* grey_wallet.png */ = {isa = PBXFileReference; lastKnownFileType = image.png; name = grey_wallet.png; path = "../../../../../../Downloads/wallet icon grey (1)/ios/AppIcon.appiconset/grey_wallet.png"; sourceTree = "<group>"; };
		85B72E15201E61F6001E913B /* grey_world.png */ = {isa = PBXFileReference; lastKnownFileType = image.png; name = grey_world.png; path = "../../../../../../Downloads/map icon grey (1)/ios/AppIcon.appiconset/grey_world.png"; sourceTree = "<group>"; };
		85B72E16201E61F6001E913B /* grey_profile.png */ = {isa = PBXFileReference; lastKnownFileType = image.png; name = grey_profile.png; path = "../../../../../../Downloads/profile icon grey (1)/ios/AppIcon.appiconset/grey_profile.png"; sourceTree = "<group>"; };
		85B72E1B201E6539001E913B /* list_green@3x.png */ = {isa = PBXFileReference; lastKnownFileType = image.png; name = "list_green@3x.png"; path = "../../../../../../Downloads/list green (1)/ios/AppIcon.appiconset/list_green@3x.png"; sourceTree = "<group>"; };
		85B72E1D201E687B001E913B /* ProfileUIViewController.swift */ = {isa = PBXFileReference; lastKnownFileType = sourcecode.swift; path = ProfileUIViewController.swift; sourceTree = "<group>"; };
		85B72E1F201E6899001E913B /* WalletViewController.swift */ = {isa = PBXFileReference; lastKnownFileType = sourcecode.swift; path = WalletViewController.swift; sourceTree = "<group>"; };
		85B72E21201E68D6001E913B /* MapViewController.swift */ = {isa = PBXFileReference; lastKnownFileType = sourcecode.swift; path = MapViewController.swift; sourceTree = "<group>"; };
		85B72E26201E7E2D001E913B /* CameraViewController.swift */ = {isa = PBXFileReference; lastKnownFileType = sourcecode.swift; path = CameraViewController.swift; sourceTree = "<group>"; };
		85B72E2A201E9404001E913B /* listg.png */ = {isa = PBXFileReference; lastKnownFileType = image.png; name = listg.png; path = "../../../../../../Downloads/list green (1)/ios/AppIcon.appiconset/listg.png"; sourceTree = "<group>"; };
		85B72E2C201E942D001E913B /* camg.png */ = {isa = PBXFileReference; lastKnownFileType = image.png; name = camg.png; path = "../../../../../../Downloads/camera green/ios/AppIcon.appiconset/camg.png"; sourceTree = "<group>"; };
		85B72E2E201E94CC001E913B /* listgrey.png */ = {isa = PBXFileReference; lastKnownFileType = image.png; name = listgrey.png; path = "../../../../../../Downloads/list grey/ios/AppIcon.appiconset/listgrey.png"; sourceTree = "<group>"; };
		85B72E32201E9ED0001E913B /* mapBack.png */ = {isa = PBXFileReference; lastKnownFileType = image.png; name = mapBack.png; path = ../../../../mapBack.png; sourceTree = "<group>"; };
		85D63112201D2DC20063AC38 /* GoogleService-Info.plist */ = {isa = PBXFileReference; fileEncoding = 4; lastKnownFileType = text.plist.xml; name = "GoogleService-Info.plist"; path = "../../../../GoogleService-Info.plist"; sourceTree = "<group>"; };
		85D63116201D35C20063AC38 /* LoginViewController.swift */ = {isa = PBXFileReference; lastKnownFileType = sourcecode.swift; path = LoginViewController.swift; sourceTree = "<group>"; };
		85D63118201D35CF0063AC38 /* SignUpViewController.swift */ = {isa = PBXFileReference; lastKnownFileType = sourcecode.swift; path = SignUpViewController.swift; sourceTree = "<group>"; };
		85D6311B201D3F4D0063AC38 /* User.swift */ = {isa = PBXFileReference; lastKnownFileType = sourcecode.swift; path = User.swift; sourceTree = "<group>"; };
		85D6311D201D3F6F0063AC38 /* Business.swift */ = {isa = PBXFileReference; lastKnownFileType = sourcecode.swift; path = Business.swift; sourceTree = "<group>"; };
		85D63121201D8A050063AC38 /* mainFeedViewController.swift */ = {isa = PBXFileReference; lastKnownFileType = sourcecode.swift; path = mainFeedViewController.swift; sourceTree = "<group>"; };
		85D6312D201DC96A0063AC38 /* eateriesMainFeedTableViewCell.swift */ = {isa = PBXFileReference; lastKnownFileType = sourcecode.swift; path = eateriesMainFeedTableViewCell.swift; sourceTree = "<group>"; };
		B4BC80B15BF3D309F0170422 /* Pods-Eten.debug.xcconfig */ = {isa = PBXFileReference; includeInIndex = 1; lastKnownFileType = text.xcconfig; name = "Pods-Eten.debug.xcconfig"; path = "Pods/Target Support Files/Pods-Eten/Pods-Eten.debug.xcconfig"; sourceTree = "<group>"; };
/* End PBXFileReference section */

/* Begin PBXFrameworksBuildPhase section */
		859450C0201D1FF400DBC726 /* Frameworks */ = {
			isa = PBXFrameworksBuildPhase;
			buildActionMask = 2147483647;
			files = (
				9FB5763D0A5A2DAB2F60EF3A /* Pods_Eten.framework in Frameworks */,
			);
			runOnlyForDeploymentPostprocessing = 0;
		};
/* End PBXFrameworksBuildPhase section */

/* Begin PBXGroup section */
		703127CAAB266AE23D2A5210 /* Frameworks */ = {
			isa = PBXGroup;
			children = (
				0056D4E5A2B3650E794C03D1 /* Pods_Eten.framework */,
			);
			name = Frameworks;
			sourceTree = "<group>";
		};
		859450BA201D1FF400DBC726 = {
			isa = PBXGroup;
			children = (
				859450C5201D1FF400DBC726 /* Eten */,
				859450C4201D1FF400DBC726 /* Products */,
				B43AD03E6E696E21549E6E55 /* Pods */,
				703127CAAB266AE23D2A5210 /* Frameworks */,
			);
			sourceTree = "<group>";
		};
		859450C4201D1FF400DBC726 /* Products */ = {
			isa = PBXGroup;
			children = (
				859450C3201D1FF400DBC726 /* Eten.app */,
			);
			name = Products;
			sourceTree = "<group>";
		};
		859450C5201D1FF400DBC726 /* Eten */ = {
			isa = PBXGroup;
			children = (
				85D6311A201D3EF50063AC38 /* models */,
				85B72DD6201E44B0001E913B /* tab_bar_nd_other_icons */,
				859450C6201D1FF400DBC726 /* AppDelegate.swift */,
				859450C8201D1FF400DBC726 /* ViewController.swift */,
				85D63116201D35C20063AC38 /* LoginViewController.swift */,
				85D63118201D35CF0063AC38 /* SignUpViewController.swift */,
				85D63121201D8A050063AC38 /* mainFeedViewController.swift */,
				85D6312D201DC96A0063AC38 /* eateriesMainFeedTableViewCell.swift */,
				859450CA201D1FF400DBC726 /* Main.storyboard */,
				85B72E21201E68D6001E913B /* MapViewController.swift */,
				85B72E1F201E6899001E913B /* WalletViewController.swift */,
				85B72E26201E7E2D001E913B /* CameraViewController.swift */,
				85B72E1D201E687B001E913B /* ProfileUIViewController.swift */,
				859450D0201D1FF400DBC726 /* Assets.xcassets */,
				859450D2201D1FF400DBC726 /* LaunchScreen.storyboard */,
				859450D5201D1FF400DBC726 /* Info.plist */,
				859450CD201D1FF400DBC726 /* Eten.xcdatamodeld */,
				85D63112201D2DC20063AC38 /* GoogleService-Info.plist */,
				85B72E0D201E5DEB001E913B /* eten_final.png */,
				85B72E11201E60A7001E913B /* back1.mov */,
				85B72DFB201E5BA5001E913B /* back0.mov */,
				85B72E0F201E5EC7001E913B /* back.mov */,
				85B72E32201E9ED0001E913B /* mapBack.png */,
			);
			path = Eten;
			sourceTree = "<group>";
		};
		85B72DD6201E44B0001E913B /* tab_bar_nd_other_icons */ = {
			isa = PBXGroup;
			children = (
				85B72E16201E61F6001E913B /* grey_profile.png */,
				85B72E15201E61F6001E913B /* grey_world.png */,
				85B72E14201E61F6001E913B /* grey_wallet.png */,
				85B72E1B201E6539001E913B /* list_green@3x.png */,
				85B72E0A201E5BD2001E913B /* green_list.png */,
				85B72DE5201E54E8001E913B /* bar.jpg */,
				85B72DE4201E54E8001E913B /* cafe_yum.png */,
				85B72DEA201E54E9001E913B /* cafe.jpg */,
				85B72DEC201E54E9001E913B /* chipotle.png */,
				85B72DE6201E54E8001E913B /* mezza.png */,
				85B72DE7201E54E8001E913B /* pho.jpg */,
				85B72DE9201E54E9001E913B /* poppis.jpg */,
				85B72DEB201E54E9001E913B /* sushi.png */,
				85B72DE8201E54E9001E913B /* tracktownpizza.jpg */,
				85B72DE3201E54E8001E913B /* work_sizzle_pie.jpg */,
				85B72E13201E61F6001E913B /* grey_camera.png */,
				85B72DD8201E44C7001E913B /* green_camera.png */,
				85B72DDA201E44C7001E913B /* grey_list.png */,
				85B72DDD201E450F001E913B /* green_profile.png */,
				85B72DDF201E451E001E913B /* green_map.png */,
				85B72DDB201E44FC001E913B /* green_wallet.png */,
				85B72DFD201E5BB3001E913B /* gc1.png */,
				85B72E03201E5BB5001E913B /* green_list.png */,
				85B72E01201E5BB4001E913B /* background.mov */,
				85B72E2A201E9404001E913B /* listg.png */,
				85B72E2C201E942D001E913B /* camg.png */,
				85B72E2E201E94CC001E913B /* listgrey.png */,
			);
			path = tab_bar_nd_other_icons;
			sourceTree = "<group>";
		};
		85D6311A201D3EF50063AC38 /* models */ = {
			isa = PBXGroup;
			children = (
				85D6311B201D3F4D0063AC38 /* User.swift */,
				85D6311D201D3F6F0063AC38 /* Business.swift */,
			);
			path = models;
			sourceTree = "<group>";
		};
		B43AD03E6E696E21549E6E55 /* Pods */ = {
			isa = PBXGroup;
			children = (
				B4BC80B15BF3D309F0170422 /* Pods-Eten.debug.xcconfig */,
				80144619EA865337921BBD8D /* Pods-Eten.release.xcconfig */,
			);
			name = Pods;
			sourceTree = "<group>";
		};
/* End PBXGroup section */

/* Begin PBXNativeTarget section */
		859450C2201D1FF400DBC726 /* Eten */ = {
			isa = PBXNativeTarget;
			buildConfigurationList = 859450D8201D1FF400DBC726 /* Build configuration list for PBXNativeTarget "Eten" */;
			buildPhases = (
				06A9AC352FED8A3B29C8DECC /* [CP] Check Pods Manifest.lock */,
				859450BF201D1FF400DBC726 /* Sources */,
				859450C0201D1FF400DBC726 /* Frameworks */,
				859450C1201D1FF400DBC726 /* Resources */,
				97C07184BCA8DB403FEB14CA /* [CP] Embed Pods Frameworks */,
				F3858A621AD09457B56FD9B4 /* [CP] Copy Pods Resources */,
			);
			buildRules = (
			);
			dependencies = (
			);
			name = Eten;
			productName = Eten;
			productReference = 859450C3201D1FF400DBC726 /* Eten.app */;
			productType = "com.apple.product-type.application";
		};
/* End PBXNativeTarget section */

/* Begin PBXProject section */
		859450BB201D1FF400DBC726 /* Project object */ = {
			isa = PBXProject;
			attributes = {
				LastSwiftUpdateCheck = 0920;
				LastUpgradeCheck = 0920;
				ORGANIZATIONNAME = "Jackson Meyer";
				TargetAttributes = {
					859450C2201D1FF400DBC726 = {
						CreatedOnToolsVersion = 9.2;
						ProvisioningStyle = Automatic;
					};
				};
			};
			buildConfigurationList = 859450BE201D1FF400DBC726 /* Build configuration list for PBXProject "Eten" */;
			compatibilityVersion = "Xcode 8.0";
			developmentRegion = en;
			hasScannedForEncodings = 0;
			knownRegions = (
				en,
				Base,
			);
			mainGroup = 859450BA201D1FF400DBC726;
			productRefGroup = 859450C4201D1FF400DBC726 /* Products */;
			projectDirPath = "";
			projectRoot = "";
			targets = (
				859450C2201D1FF400DBC726 /* Eten */,
			);
		};
/* End PBXProject section */

/* Begin PBXResourcesBuildPhase section */
		859450C1201D1FF400DBC726 /* Resources */ = {
			isa = PBXResourcesBuildPhase;
			buildActionMask = 2147483647;
			files = (
				85B72DF2201E54E9001E913B /* tracktownpizza.jpg in Resources */,
				85B72DEF201E54E9001E913B /* bar.jpg in Resources */,
				85B72E17201E61F6001E913B /* grey_camera.png in Resources */,
				85B72DF4201E54E9001E913B /* cafe.jpg in Resources */,
				85B72DF3201E54E9001E913B /* poppis.jpg in Resources */,
				85B72E1A201E61F6001E913B /* grey_profile.png in Resources */,
				85B72DED201E54E9001E913B /* work_sizzle_pie.jpg in Resources */,
				85B72E10201E5EC7001E913B /* back.mov in Resources */,
				859450D4201D1FF400DBC726 /* LaunchScreen.storyboard in Resources */,
				85B72E2F201E94CC001E913B /* listgrey.png in Resources */,
				85B72E2D201E942D001E913B /* camg.png in Resources */,
				85B72DF6201E54E9001E913B /* chipotle.png in Resources */,
				85B72DF0201E54E9001E913B /* mezza.png in Resources */,
				85B72E0E201E5DEC001E913B /* eten_final.png in Resources */,
				85B72DDE201E450F001E913B /* green_profile.png in Resources */,
				85B72E12201E60A7001E913B /* back1.mov in Resources */,
				85D63113201D2DC20063AC38 /* GoogleService-Info.plist in Resources */,
				85B72DF1201E54E9001E913B /* pho.jpg in Resources */,
				85B72E19201E61F6001E913B /* grey_world.png in Resources */,
				85B72E2B201E9404001E913B /* listg.png in Resources */,
				85B72E33201E9ED1001E913B /* mapBack.png in Resources */,
				85B72E18201E61F6001E913B /* grey_wallet.png in Resources */,
				85B72DE0201E451E001E913B /* green_map.png in Resources */,
				859450D1201D1FF400DBC726 /* Assets.xcassets in Resources */,
				85B72E1C201E6539001E913B /* list_green@3x.png in Resources */,
				859450CC201D1FF400DBC726 /* Main.storyboard in Resources */,
				85B72DEE201E54E9001E913B /* cafe_yum.png in Resources */,
				85B72DDC201E44FD001E913B /* green_wallet.png in Resources */,
				85B72DF5201E54E9001E913B /* sushi.png in Resources */,
			);
			runOnlyForDeploymentPostprocessing = 0;
		};
/* End PBXResourcesBuildPhase section */

/* Begin PBXShellScriptBuildPhase section */
		06A9AC352FED8A3B29C8DECC /* [CP] Check Pods Manifest.lock */ = {
			isa = PBXShellScriptBuildPhase;
			buildActionMask = 2147483647;
			files = (
			);
			inputPaths = (
				"${PODS_PODFILE_DIR_PATH}/Podfile.lock",
				"${PODS_ROOT}/Manifest.lock",
			);
			name = "[CP] Check Pods Manifest.lock";
			outputPaths = (
				"$(DERIVED_FILE_DIR)/Pods-Eten-checkManifestLockResult.txt",
			);
			runOnlyForDeploymentPostprocessing = 0;
			shellPath = /bin/sh;
			shellScript = "diff \"${PODS_PODFILE_DIR_PATH}/Podfile.lock\" \"${PODS_ROOT}/Manifest.lock\" > /dev/null\nif [ $? != 0 ] ; then\n    # print error to STDERR\n    echo \"error: The sandbox is not in sync with the Podfile.lock. Run 'pod install' or update your CocoaPods installation.\" >&2\n    exit 1\nfi\n# This output is used by Xcode 'outputs' to avoid re-running this script phase.\necho \"SUCCESS\" > \"${SCRIPT_OUTPUT_FILE_0}\"\n";
			showEnvVarsInLog = 0;
		};
		97C07184BCA8DB403FEB14CA /* [CP] Embed Pods Frameworks */ = {
			isa = PBXShellScriptBuildPhase;
			buildActionMask = 2147483647;
			files = (
			);
			inputPaths = (
				"${SRCROOT}/Pods/Target Support Files/Pods-Eten/Pods-Eten-frameworks.sh",
				"${BUILT_PRODUCTS_DIR}/GTMSessionFetcher/GTMSessionFetcher.framework",
				"${BUILT_PRODUCTS_DIR}/GoogleToolboxForMac/GoogleToolboxForMac.framework",
				"${BUILT_PRODUCTS_DIR}/MBCircularProgressBar/MBCircularProgressBar.framework",
				"${BUILT_PRODUCTS_DIR}/leveldb-library/leveldb.framework",
				"${BUILT_PRODUCTS_DIR}/nanopb/nanopb.framework",
			);
			name = "[CP] Embed Pods Frameworks";
			outputPaths = (
				"${TARGET_BUILD_DIR}/${FRAMEWORKS_FOLDER_PATH}/GTMSessionFetcher.framework",
				"${TARGET_BUILD_DIR}/${FRAMEWORKS_FOLDER_PATH}/GoogleToolboxForMac.framework",
				"${TARGET_BUILD_DIR}/${FRAMEWORKS_FOLDER_PATH}/MBCircularProgressBar.framework",
				"${TARGET_BUILD_DIR}/${FRAMEWORKS_FOLDER_PATH}/leveldb.framework",
				"${TARGET_BUILD_DIR}/${FRAMEWORKS_FOLDER_PATH}/nanopb.framework",
			);
			runOnlyForDeploymentPostprocessing = 0;
			shellPath = /bin/sh;
			shellScript = "\"${SRCROOT}/Pods/Target Support Files/Pods-Eten/Pods-Eten-frameworks.sh\"\n";
			showEnvVarsInLog = 0;
		};
		F3858A621AD09457B56FD9B4 /* [CP] Copy Pods Resources */ = {
			isa = PBXShellScriptBuildPhase;
			buildActionMask = 2147483647;
			files = (
			);
			inputPaths = (
			);
			name = "[CP] Copy Pods Resources";
			outputPaths = (
			);
			runOnlyForDeploymentPostprocessing = 0;
			shellPath = /bin/sh;
			shellScript = "\"${SRCROOT}/Pods/Target Support Files/Pods-Eten/Pods-Eten-resources.sh\"\n";
			showEnvVarsInLog = 0;
		};
/* End PBXShellScriptBuildPhase section */

/* Begin PBXSourcesBuildPhase section */
		859450BF201D1FF400DBC726 /* Sources */ = {
			isa = PBXSourcesBuildPhase;
			buildActionMask = 2147483647;
			files = (
				85D63117201D35C20063AC38 /* LoginViewController.swift in Sources */,
				85D6311E201D3F6F0063AC38 /* Business.swift in Sources */,
				859450CF201D1FF400DBC726 /* Eten.xcdatamodeld in Sources */,
				85D6312E201DC96A0063AC38 /* eateriesMainFeedTableViewCell.swift in Sources */,
				85B72E27201E7E2D001E913B /* CameraViewController.swift in Sources */,
				85B72E20201E6899001E913B /* WalletViewController.swift in Sources */,
				85B72E22201E68D6001E913B /* MapViewController.swift in Sources */,
				85D6311C201D3F4D0063AC38 /* User.swift in Sources */,
				859450C9201D1FF400DBC726 /* ViewController.swift in Sources */,
				859450C7201D1FF400DBC726 /* AppDelegate.swift in Sources */,
				85D63119201D35CF0063AC38 /* SignUpViewController.swift in Sources */,
				85B72E1E201E687B001E913B /* ProfileUIViewController.swift in Sources */,
				85D63122201D8A050063AC38 /* mainFeedViewController.swift in Sources */,
			);
			runOnlyForDeploymentPostprocessing = 0;
		};
/* End PBXSourcesBuildPhase section */

/* Begin PBXVariantGroup section */
		859450CA201D1FF400DBC726 /* Main.storyboard */ = {
			isa = PBXVariantGroup;
			children = (
				859450CB201D1FF400DBC726 /* Base */,
			);
			name = Main.storyboard;
			sourceTree = "<group>";
		};
		859450D2201D1FF400DBC726 /* LaunchScreen.storyboard */ = {
			isa = PBXVariantGroup;
			children = (
				859450D3201D1FF400DBC726 /* Base */,
			);
			name = LaunchScreen.storyboard;
			sourceTree = "<group>";
		};
/* End PBXVariantGroup section */

/* Begin XCBuildConfiguration section */
		859450D6201D1FF400DBC726 /* Debug */ = {
			isa = XCBuildConfiguration;
			buildSettings = {
				ALWAYS_SEARCH_USER_PATHS = NO;
				CLANG_ANALYZER_NONNULL = YES;
				CLANG_ANALYZER_NUMBER_OBJECT_CONVERSION = YES_AGGRESSIVE;
				CLANG_CXX_LANGUAGE_STANDARD = "gnu++14";
				CLANG_CXX_LIBRARY = "libc++";
				CLANG_ENABLE_MODULES = YES;
				CLANG_ENABLE_OBJC_ARC = YES;
				CLANG_WARN_BLOCK_CAPTURE_AUTORELEASING = YES;
				CLANG_WARN_BOOL_CONVERSION = YES;
				CLANG_WARN_COMMA = YES;
				CLANG_WARN_CONSTANT_CONVERSION = YES;
				CLANG_WARN_DIRECT_OBJC_ISA_USAGE = YES_ERROR;
				CLANG_WARN_DOCUMENTATION_COMMENTS = YES;
				CLANG_WARN_EMPTY_BODY = YES;
				CLANG_WARN_ENUM_CONVERSION = YES;
				CLANG_WARN_INFINITE_RECURSION = YES;
				CLANG_WARN_INT_CONVERSION = YES;
				CLANG_WARN_NON_LITERAL_NULL_CONVERSION = YES;
				CLANG_WARN_OBJC_LITERAL_CONVERSION = YES;
				CLANG_WARN_OBJC_ROOT_CLASS = YES_ERROR;
				CLANG_WARN_RANGE_LOOP_ANALYSIS = YES;
				CLANG_WARN_STRICT_PROTOTYPES = YES;
				CLANG_WARN_SUSPICIOUS_MOVE = YES;
				CLANG_WARN_UNGUARDED_AVAILABILITY = YES_AGGRESSIVE;
				CLANG_WARN_UNREACHABLE_CODE = YES;
				CLANG_WARN__DUPLICATE_METHOD_MATCH = YES;
				CODE_SIGN_IDENTITY = "iPhone Developer";
				COPY_PHASE_STRIP = NO;
				DEBUG_INFORMATION_FORMAT = dwarf;
				ENABLE_STRICT_OBJC_MSGSEND = YES;
				ENABLE_TESTABILITY = YES;
				GCC_C_LANGUAGE_STANDARD = gnu11;
				GCC_DYNAMIC_NO_PIC = NO;
				GCC_NO_COMMON_BLOCKS = YES;
				GCC_OPTIMIZATION_LEVEL = 0;
				GCC_PREPROCESSOR_DEFINITIONS = (
					"DEBUG=1",
					"$(inherited)",
				);
				GCC_WARN_64_TO_32_BIT_CONVERSION = YES;
				GCC_WARN_ABOUT_RETURN_TYPE = YES_ERROR;
				GCC_WARN_UNDECLARED_SELECTOR = YES;
				GCC_WARN_UNINITIALIZED_AUTOS = YES_AGGRESSIVE;
				GCC_WARN_UNUSED_FUNCTION = YES;
				GCC_WARN_UNUSED_VARIABLE = YES;
				IPHONEOS_DEPLOYMENT_TARGET = 11.2;
				MTL_ENABLE_DEBUG_INFO = YES;
				ONLY_ACTIVE_ARCH = YES;
				SDKROOT = iphoneos;
				SWIFT_ACTIVE_COMPILATION_CONDITIONS = DEBUG;
				SWIFT_OPTIMIZATION_LEVEL = "-Onone";
			};
			name = Debug;
		};
		859450D7201D1FF400DBC726 /* Release */ = {
			isa = XCBuildConfiguration;
			buildSettings = {
				ALWAYS_SEARCH_USER_PATHS = NO;
				CLANG_ANALYZER_NONNULL = YES;
				CLANG_ANALYZER_NUMBER_OBJECT_CONVERSION = YES_AGGRESSIVE;
				CLANG_CXX_LANGUAGE_STANDARD = "gnu++14";
				CLANG_CXX_LIBRARY = "libc++";
				CLANG_ENABLE_MODULES = YES;
				CLANG_ENABLE_OBJC_ARC = YES;
				CLANG_WARN_BLOCK_CAPTURE_AUTORELEASING = YES;
				CLANG_WARN_BOOL_CONVERSION = YES;
				CLANG_WARN_COMMA = YES;
				CLANG_WARN_CONSTANT_CONVERSION = YES;
				CLANG_WARN_DIRECT_OBJC_ISA_USAGE = YES_ERROR;
				CLANG_WARN_DOCUMENTATION_COMMENTS = YES;
				CLANG_WARN_EMPTY_BODY = YES;
				CLANG_WARN_ENUM_CONVERSION = YES;
				CLANG_WARN_INFINITE_RECURSION = YES;
				CLANG_WARN_INT_CONVERSION = YES;
				CLANG_WARN_NON_LITERAL_NULL_CONVERSION = YES;
				CLANG_WARN_OBJC_LITERAL_CONVERSION = YES;
				CLANG_WARN_OBJC_ROOT_CLASS = YES_ERROR;
				CLANG_WARN_RANGE_LOOP_ANALYSIS = YES;
				CLANG_WARN_STRICT_PROTOTYPES = YES;
				CLANG_WARN_SUSPICIOUS_MOVE = YES;
				CLANG_WARN_UNGUARDED_AVAILABILITY = YES_AGGRESSIVE;
				CLANG_WARN_UNREACHABLE_CODE = YES;
				CLANG_WARN__DUPLICATE_METHOD_MATCH = YES;
				CODE_SIGN_IDENTITY = "iPhone Developer";
				COPY_PHASE_STRIP = NO;
				DEBUG_INFORMATION_FORMAT = "dwarf-with-dsym";
				ENABLE_NS_ASSERTIONS = NO;
				ENABLE_STRICT_OBJC_MSGSEND = YES;
				GCC_C_LANGUAGE_STANDARD = gnu11;
				GCC_NO_COMMON_BLOCKS = YES;
				GCC_WARN_64_TO_32_BIT_CONVERSION = YES;
				GCC_WARN_ABOUT_RETURN_TYPE = YES_ERROR;
				GCC_WARN_UNDECLARED_SELECTOR = YES;
				GCC_WARN_UNINITIALIZED_AUTOS = YES_AGGRESSIVE;
				GCC_WARN_UNUSED_FUNCTION = YES;
				GCC_WARN_UNUSED_VARIABLE = YES;
				IPHONEOS_DEPLOYMENT_TARGET = 11.2;
				MTL_ENABLE_DEBUG_INFO = NO;
				SDKROOT = iphoneos;
				SWIFT_OPTIMIZATION_LEVEL = "-Owholemodule";
				VALIDATE_PRODUCT = YES;
			};
			name = Release;
		};
		859450D9201D1FF400DBC726 /* Debug */ = {
			isa = XCBuildConfiguration;
			baseConfigurationReference = B4BC80B15BF3D309F0170422 /* Pods-Eten.debug.xcconfig */;
			buildSettings = {
				ASSETCATALOG_COMPILER_APPICON_NAME = AppIcon;
				CODE_SIGN_STYLE = Automatic;
				DEVELOPMENT_TEAM = D7GTCJCEKY;
				INFOPLIST_FILE = Eten/Info.plist;
				LD_RUNPATH_SEARCH_PATHS = "$(inherited) @executable_path/Frameworks";
				PRODUCT_BUNDLE_IDENTIFIER = jacksonmeyer.Eten;
				PRODUCT_NAME = "$(TARGET_NAME)";
				SWIFT_VERSION = 4.0;
				TARGETED_DEVICE_FAMILY = "1,2";
			};
			name = Debug;
		};
		859450DA201D1FF400DBC726 /* Release */ = {
			isa = XCBuildConfiguration;
			baseConfigurationReference = 80144619EA865337921BBD8D /* Pods-Eten.release.xcconfig */;
			buildSettings = {
				ASSETCATALOG_COMPILER_APPICON_NAME = AppIcon;
				CODE_SIGN_STYLE = Automatic;
				DEVELOPMENT_TEAM = D7GTCJCEKY;
				INFOPLIST_FILE = Eten/Info.plist;
				LD_RUNPATH_SEARCH_PATHS = "$(inherited) @executable_path/Frameworks";
				PRODUCT_BUNDLE_IDENTIFIER = jacksonmeyer.Eten;
				PRODUCT_NAME = "$(TARGET_NAME)";
				SWIFT_VERSION = 4.0;
				TARGETED_DEVICE_FAMILY = "1,2";
			};
			name = Release;
		};
/* End XCBuildConfiguration section */

/* Begin XCConfigurationList section */
		859450BE201D1FF400DBC726 /* Build configuration list for PBXProject "Eten" */ = {
			isa = XCConfigurationList;
			buildConfigurations = (
				859450D6201D1FF400DBC726 /* Debug */,
				859450D7201D1FF400DBC726 /* Release */,
			);
			defaultConfigurationIsVisible = 0;
			defaultConfigurationName = Release;
		};
		859450D8201D1FF400DBC726 /* Build configuration list for PBXNativeTarget "Eten" */ = {
			isa = XCConfigurationList;
			buildConfigurations = (
				859450D9201D1FF400DBC726 /* Debug */,
				859450DA201D1FF400DBC726 /* Release */,
			);
			defaultConfigurationIsVisible = 0;
			defaultConfigurationName = Release;
		};
/* End XCConfigurationList section */

/* Begin XCVersionGroup section */
		859450CD201D1FF400DBC726 /* Eten.xcdatamodeld */ = {
			isa = XCVersionGroup;
			children = (
				859450CE201D1FF400DBC726 /* Eten.xcdatamodel */,
			);
			currentVersion = 859450CE201D1FF400DBC726 /* Eten.xcdatamodel */;
			path = Eten.xcdatamodeld;
			sourceTree = "<group>";
			versionGroupType = wrapper.xcdatamodel;
		};
/* End XCVersionGroup section */
	};
	rootObject = 859450BB201D1FF400DBC726 /* Project object */;
}
